{
  "version": 4,
  "terraform_version": "1.13.4",
  "serial": 1,
  "lineage": "c7101ab8-3186-a56a-ee2d-82b207dfb086",
  "outputs": {},
  "resources": [
    {
      "mode": "managed",
      "type": "docker_image",
      "name": "petshop_app",
      "provider": "provider[\"registry.terraform.io/kreuzwerker/docker\"]",
      "instances": [
        {
          "schema_version": 0,
          "attributes": {
            "build": [
              {
                "build_arg": null,
                "dockerfile": "Dockerfile",
                "force_remove": null,
                "label": null,
                "no_cache": null,
                "path": ".",
                "remove": true,
                "tag": [],
                "target": ""
              }
            ],
            "force_remove": null,
            "id": "sha256:24ce272ce4ebf4ccf61e987c1b30aa374b868c9bed49e2bdef46fe4207d95857petshop-static-nginx:latest",
            "keep_locally": true,
            "latest": "sha256:24ce272ce4ebf4ccf61e987c1b30aa374b868c9bed49e2bdef46fe4207d95857",
            "name": "petshop-static-nginx:latest",
            "output": null,
            "pull_trigger": null,
            "pull_triggers": null,
            "repo_digest": ""
          },
          "sensitive_attributes": [],
          "identity_schema_version": 0,
          "private": "bnVsbA=="
        }
      ]
    }
  ],
  "check_results": null
}
